
Microsoft Visual Studio Solution File, Format Version 12.00
# Visual Studio Version 17
VisualStudioVersion = 17.4.33213.308
MinimumVisualStudioVersion = 10.0.40219.1
Project("{8BC9CEB8-8B4A-11D0-8D11-00A0C91BC942}") = "runother", "runother\runother.vcxproj", "{991CDEC0-4203-4AC7-B65C-91146D9E1E9C}"
EndProject
Project("{8BC9CEB8-8B4A-11D0-8D11-00A0C91BC942}") = "runother-gui", "runother-gui\runother-gui.vcxproj", "{83964B0E-F9BF-4DFF-A87E-E7E30D634F70}"
EndProject
Project("{8BC9CEB8-8B4A-11D0-8D11-00A0C91BC942}") = "waitrun", "waitrun\waitrun.vcxproj", "{2DEBEA77-D92C-4DB3-A81D-B967A42B4F06}"
EndProject
Project("{8BC9CEB8-8B4A-11D0-8D11-00A0C91BC942}") = "startrun", "startrun\startrun.vcxproj", "{FED760CF-7E3E-48C0-8A35-CDA7AD3FD250}"
EndProject
Project("{2150E333-8FDC-42A3-9474-1A3956D46DE8}") = "ソリューション項目", "ソリューション項目", "{AC6E1452-E94A-407A-A5A7-AEA5E50EC526}"
	ProjectSection(SolutionItems) = preProject
		_header.h = _header.h
	EndProjectSection
EndProject
Project("{8BC9CEB8-8B4A-11D0-8D11-00A0C91BC942}") = "hiderun", "hiderun\hiderun.vcxproj", "{66E47A69-CF3B-4B27-8B04-4CCFE32E9BF7}"
EndProject
Project("{8BC9CEB8-8B4A-11D0-8D11-00A0C91BC942}") = "piperunex", "piperunex\piperunex.vcxproj", "{97EE3BD9-0487-4EF4-B46A-3658FEA82A4B}"
EndProject
Project("{8BC9CEB8-8B4A-11D0-8D11-00A0C91BC942}") = "pecho", "pecho\pecho.vcxproj", "{49BFFFB7-B0FA-4028-8F28-3E27C58D9A08}"
EndProject
Project("{8BC9CEB8-8B4A-11D0-8D11-00A0C91BC942}") = "adminrun", "adminrun\adminrun.vcxproj", "{9D0AF390-4400-4F60-8CDC-CEF30A5968BB}"
EndProject
Project("{8BC9CEB8-8B4A-11D0-8D11-00A0C91BC942}") = "evalrun", "evalrun\evalrun.vcxproj", "{9396F2B0-2B40-44F2-99BA-7A85CA083C71}"
EndProject
Project("{8BC9CEB8-8B4A-11D0-8D11-00A0C91BC942}") = "printcd", "printcd\printcd.vcxproj", "{A4247929-C086-4328-99AA-BAAA277CEE0D}"
EndProject
Project("{8BC9CEB8-8B4A-11D0-8D11-00A0C91BC942}") = "piperun", "piperun\piperun.vcxproj", "{AEA5C1C2-13AE-4EAD-B13D-ADC57B312CED}"
EndProject
Project("{8BC9CEB8-8B4A-11D0-8D11-00A0C91BC942}") = "uacrun", "uacrun\uacrun.vcxproj", "{F6A30804-1A5D-4D4E-AACD-AB0B5C04E542}"
EndProject
Global
	GlobalSection(SolutionConfigurationPlatforms) = preSolution
		Debug|x64 = Debug|x64
		Debug|x86 = Debug|x86
		Release|x64 = Release|x64
		Release|x86 = Release|x86
	EndGlobalSection
	GlobalSection(ProjectConfigurationPlatforms) = postSolution
		{991CDEC0-4203-4AC7-B65C-91146D9E1E9C}.Debug|x64.ActiveCfg = Debug|x64
		{991CDEC0-4203-4AC7-B65C-91146D9E1E9C}.Debug|x64.Build.0 = Debug|x64
		{991CDEC0-4203-4AC7-B65C-91146D9E1E9C}.Debug|x86.ActiveCfg = Debug|Win32
		{991CDEC0-4203-4AC7-B65C-91146D9E1E9C}.Debug|x86.Build.0 = Debug|Win32
		{991CDEC0-4203-4AC7-B65C-91146D9E1E9C}.Release|x64.ActiveCfg = Release|x64
		{991CDEC0-4203-4AC7-B65C-91146D9E1E9C}.Release|x64.Build.0 = Release|x64
		{991CDEC0-4203-4AC7-B65C-91146D9E1E9C}.Release|x86.ActiveCfg = Release|Win32
		{991CDEC0-4203-4AC7-B65C-91146D9E1E9C}.Release|x86.Build.0 = Release|Win32
		{83964B0E-F9BF-4DFF-A87E-E7E30D634F70}.Debug|x64.ActiveCfg = Debug|x64
		{83964B0E-F9BF-4DFF-A87E-E7E30D634F70}.Debug|x64.Build.0 = Debug|x64
		{83964B0E-F9BF-4DFF-A87E-E7E30D634F70}.Debug|x86.ActiveCfg = Debug|Win32
		{83964B0E-F9BF-4DFF-A87E-E7E30D634F70}.Debug|x86.Build.0 = Debug|Win32
		{83964B0E-F9BF-4DFF-A87E-E7E30D634F70}.Release|x64.ActiveCfg = Release|x64
		{83964B0E-F9BF-4DFF-A87E-E7E30D634F70}.Release|x64.Build.0 = Release|x64
		{83964B0E-F9BF-4DFF-A87E-E7E30D634F70}.Release|x86.ActiveCfg = Release|Win32
		{83964B0E-F9BF-4DFF-A87E-E7E30D634F70}.Release|x86.Build.0 = Release|Win32
		{2DEBEA77-D92C-4DB3-A81D-B967A42B4F06}.Debug|x64.ActiveCfg = Debug|x64
		{2DEBEA77-D92C-4DB3-A81D-B967A42B4F06}.Debug|x64.Build.0 = Debug|x64
		{2DEBEA77-D92C-4DB3-A81D-B967A42B4F06}.Debug|x86.ActiveCfg = Debug|Win32
		{2DEBEA77-D92C-4DB3-A81D-B967A42B4F06}.Debug|x86.Build.0 = Debug|Win32
		{2DEBEA77-D92C-4DB3-A81D-B967A42B4F06}.Release|x64.ActiveCfg = Release|x64
		{2DEBEA77-D92C-4DB3-A81D-B967A42B4F06}.Release|x64.Build.0 = Release|x64
		{2DEBEA77-D92C-4DB3-A81D-B967A42B4F06}.Release|x86.ActiveCfg = Release|Win32
		{2DEBEA77-D92C-4DB3-A81D-B967A42B4F06}.Release|x86.Build.0 = Release|Win32
		{FED760CF-7E3E-48C0-8A35-CDA7AD3FD250}.Debug|x64.ActiveCfg = Debug|x64
		{FED760CF-7E3E-48C0-8A35-CDA7AD3FD250}.Debug|x64.Build.0 = Debug|x64
		{FED760CF-7E3E-48C0-8A35-CDA7AD3FD250}.Debug|x86.ActiveCfg = Debug|Win32
		{FED760CF-7E3E-48C0-8A35-CDA7AD3FD250}.Debug|x86.Build.0 = Debug|Win32
		{FED760CF-7E3E-48C0-8A35-CDA7AD3FD250}.Release|x64.ActiveCfg = Release|x64
		{FED760CF-7E3E-48C0-8A35-CDA7AD3FD250}.Release|x64.Build.0 = Release|x64
		{FED760CF-7E3E-48C0-8A35-CDA7AD3FD250}.Release|x86.ActiveCfg = Release|Win32
		{FED760CF-7E3E-48C0-8A35-CDA7AD3FD250}.Release|x86.Build.0 = Release|Win32
		{66E47A69-CF3B-4B27-8B04-4CCFE32E9BF7}.Debug|x64.ActiveCfg = Debug|x64
		{66E47A69-CF3B-4B27-8B04-4CCFE32E9BF7}.Debug|x64.Build.0 = Debug|x64
		{66E47A69-CF3B-4B27-8B04-4CCFE32E9BF7}.Debug|x86.ActiveCfg = Debug|Win32
		{66E47A69-CF3B-4B27-8B04-4CCFE32E9BF7}.Debug|x86.Build.0 = Debug|Win32
		{66E47A69-CF3B-4B27-8B04-4CCFE32E9BF7}.Release|x64.ActiveCfg = Release|x64
		{66E47A69-CF3B-4B27-8B04-4CCFE32E9BF7}.Release|x64.Build.0 = Release|x64
		{66E47A69-CF3B-4B27-8B04-4CCFE32E9BF7}.Release|x86.ActiveCfg = Release|Win32
		{66E47A69-CF3B-4B27-8B04-4CCFE32E9BF7}.Release|x86.Build.0 = Release|Win32
		{97EE3BD9-0487-4EF4-B46A-3658FEA82A4B}.Debug|x64.ActiveCfg = Debug|x64
		{97EE3BD9-0487-4EF4-B46A-3658FEA82A4B}.Debug|x64.Build.0 = Debug|x64
		{97EE3BD9-0487-4EF4-B46A-3658FEA82A4B}.Debug|x86.ActiveCfg = Debug|Win32
		{97EE3BD9-0487-4EF4-B46A-3658FEA82A4B}.Debug|x86.Build.0 = Debug|Win32
		{97EE3BD9-0487-4EF4-B46A-3658FEA82A4B}.Release|x64.ActiveCfg = Release|x64
		{97EE3BD9-0487-4EF4-B46A-3658FEA82A4B}.Release|x64.Build.0 = Release|x64
		{97EE3BD9-0487-4EF4-B46A-3658FEA82A4B}.Release|x86.ActiveCfg = Release|Win32
		{97EE3BD9-0487-4EF4-B46A-3658FEA82A4B}.Release|x86.Build.0 = Release|Win32
		{49BFFFB7-B0FA-4028-8F28-3E27C58D9A08}.Debug|x64.ActiveCfg = Debug|x64
		{49BFFFB7-B0FA-4028-8F28-3E27C58D9A08}.Debug|x64.Build.0 = Debug|x64
		{49BFFFB7-B0FA-4028-8F28-3E27C58D9A08}.Debug|x86.ActiveCfg = Debug|Win32
		{49BFFFB7-B0FA-4028-8F28-3E27C58D9A08}.Debug|x86.Build.0 = Debug|Win32
		{49BFFFB7-B0FA-4028-8F28-3E27C58D9A08}.Release|x64.ActiveCfg = Release|x64
		{49BFFFB7-B0FA-4028-8F28-3E27C58D9A08}.Release|x64.Build.0 = Release|x64
		{49BFFFB7-B0FA-4028-8F28-3E27C58D9A08}.Release|x86.ActiveCfg = Release|Win32
		{49BFFFB7-B0FA-4028-8F28-3E27C58D9A08}.Release|x86.Build.0 = Release|Win32
		{9D0AF390-4400-4F60-8CDC-CEF30A5968BB}.Debug|x64.ActiveCfg = Debug|x64
		{9D0AF390-4400-4F60-8CDC-CEF30A5968BB}.Debug|x64.Build.0 = Debug|x64
		{9D0AF390-4400-4F60-8CDC-CEF30A5968BB}.Debug|x86.ActiveCfg = Debug|Win32
		{9D0AF390-4400-4F60-8CDC-CEF30A5968BB}.Debug|x86.Build.0 = Debug|Win32
		{9D0AF390-4400-4F60-8CDC-CEF30A5968BB}.Release|x64.ActiveCfg = Release|x64
		{9D0AF390-4400-4F60-8CDC-CEF30A5968BB}.Release|x64.Build.0 = Release|x64
		{9D0AF390-4400-4F60-8CDC-CEF30A5968BB}.Release|x86.ActiveCfg = Release|Win32
		{9D0AF390-4400-4F60-8CDC-CEF30A5968BB}.Release|x86.Build.0 = Release|Win32
		{9396F2B0-2B40-44F2-99BA-7A85CA083C71}.Debug|x64.ActiveCfg = Debug|x64
		{9396F2B0-2B40-44F2-99BA-7A85CA083C71}.Debug|x64.Build.0 = Debug|x64
		{9396F2B0-2B40-44F2-99BA-7A85CA083C71}.Debug|x86.ActiveCfg = Debug|Win32
		{9396F2B0-2B40-44F2-99BA-7A85CA083C71}.Debug|x86.Build.0 = Debug|Win32
		{9396F2B0-2B40-44F2-99BA-7A85CA083C71}.Release|x64.ActiveCfg = Release|x64
		{9396F2B0-2B40-44F2-99BA-7A85CA083C71}.Release|x64.Build.0 = Release|x64
		{9396F2B0-2B40-44F2-99BA-7A85CA083C71}.Release|x86.ActiveCfg = Release|Win32
		{9396F2B0-2B40-44F2-99BA-7A85CA083C71}.Release|x86.Build.0 = Release|Win32
		{A4247929-C086-4328-99AA-BAAA277CEE0D}.Debug|x64.ActiveCfg = Debug|x64
		{A4247929-C086-4328-99AA-BAAA277CEE0D}.Debug|x64.Build.0 = Debug|x64
		{A4247929-C086-4328-99AA-BAAA277CEE0D}.Debug|x86.ActiveCfg = Debug|Win32
		{A4247929-C086-4328-99AA-BAAA277CEE0D}.Debug|x86.Build.0 = Debug|Win32
		{A4247929-C086-4328-99AA-BAAA277CEE0D}.Release|x64.ActiveCfg = Release|x64
		{A4247929-C086-4328-99AA-BAAA277CEE0D}.Release|x64.Build.0 = Release|x64
		{A4247929-C086-4328-99AA-BAAA277CEE0D}.Release|x86.ActiveCfg = Release|Win32
		{A4247929-C086-4328-99AA-BAAA277CEE0D}.Release|x86.Build.0 = Release|Win32
		{AEA5C1C2-13AE-4EAD-B13D-ADC57B312CED}.Debug|x64.ActiveCfg = Debug|x64
		{AEA5C1C2-13AE-4EAD-B13D-ADC57B312CED}.Debug|x64.Build.0 = Debug|x64
		{AEA5C1C2-13AE-4EAD-B13D-ADC57B312CED}.Debug|x86.ActiveCfg = Debug|Win32
		{AEA5C1C2-13AE-4EAD-B13D-ADC57B312CED}.Debug|x86.Build.0 = Debug|Win32
		{AEA5C1C2-13AE-4EAD-B13D-ADC57B312CED}.Release|x64.ActiveCfg = Release|x64
		{AEA5C1C2-13AE-4EAD-B13D-ADC57B312CED}.Release|x64.Build.0 = Release|x64
		{AEA5C1C2-13AE-4EAD-B13D-ADC57B312CED}.Release|x86.ActiveCfg = Release|Win32
		{AEA5C1C2-13AE-4EAD-B13D-ADC57B312CED}.Release|x86.Build.0 = Release|Win32
		{F6A30804-1A5D-4D4E-AACD-AB0B5C04E542}.Debug|x64.ActiveCfg = Debug|x64
		{F6A30804-1A5D-4D4E-AACD-AB0B5C04E542}.Debug|x64.Build.0 = Debug|x64
		{F6A30804-1A5D-4D4E-AACD-AB0B5C04E542}.Debug|x86.ActiveCfg = Debug|Win32
		{F6A30804-1A5D-4D4E-AACD-AB0B5C04E542}.Debug|x86.Build.0 = Debug|Win32
		{F6A30804-1A5D-4D4E-AACD-AB0B5C04E542}.Release|x64.ActiveCfg = Release|x64
		{F6A30804-1A5D-4D4E-AACD-AB0B5C04E542}.Release|x64.Build.0 = Release|x64
		{F6A30804-1A5D-4D4E-AACD-AB0B5C04E542}.Release|x86.ActiveCfg = Release|Win32
		{F6A30804-1A5D-4D4E-AACD-AB0B5C04E542}.Release|x86.Build.0 = Release|Win32
	EndGlobalSection
	GlobalSection(SolutionProperties) = preSolution
		HideSolutionNode = FALSE
	EndGlobalSection
	GlobalSection(ExtensibilityGlobals) = postSolution
		SolutionGuid = {72F19152-AAE3-46CF-96E4-5D4B0C7C3E35}
	EndGlobalSection
EndGlobal
